// !$*UTF8*$!
{
	archiveVersion = 1;
	classes = {
	};
	objectVersion = 77;
	objects = {

/* Begin PBXContainerItemProxy section */
		B4C02A5D2D2830C800B56520 /* PBXContainerItemProxy */ = {
			isa = PBXContainerItemProxy;
			containerPortal = B4C02A422D2830C600B56520 /* Project object */;
			proxyType = 1;
			remoteGlobalIDString = B4C02A492D2830C600B56520;
			remoteInfo = MJHandiCraft;
		};
		B4C02A672D2830C800B56520 /* PBXContainerItemProxy */ = {
			isa = PBXContainerItemProxy;
			containerPortal = B4C02A422D2830C600B56520 /* Project object */;
			proxyType = 1;
			remoteGlobalIDString = B4C02A492D2830C600B56520;
			remoteInfo = MJHandiCraft;
		};
/* End PBXContainerItemProxy section */

/* Begin PBXFileReference section */
		B4C02A4A2D2830C600B56520 /* MJHandiCraft.app */ = {isa = PBXFileReference; explicitFileType = wrapper.application; includeInIndex = 0; path = MJHandiCraft.app; sourceTree = BUILT_PRODUCTS_DIR; };
		B4C02A5C2D2830C800B56520 /* MJHandiCraftTests.xctest */ = {isa = PBXFileReference; explicitFileType = wrapper.cfbundle; includeInIndex = 0; path = MJHandiCraftTests.xctest; sourceTree = BUILT_PRODUCTS_DIR; };
		B4C02A662D2830C800B56520 /* MJHandiCraftUITests.xctest */ = {isa = PBXFileReference; explicitFileType = wrapper.cfbundle; includeInIndex = 0; path = MJHandiCraftUITests.xctest; sourceTree = BUILT_PRODUCTS_DIR; };
/* End PBXFileReference section */

/* Begin PBXFileSystemSynchronizedRootGroup section */
		B4C02A4C2D2830C600B56520 /* MJHandiCraft */ = {
			isa = PBXFileSystemSynchronizedRootGroup;
			path = MJHandiCraft;
			sourceTree = "<group>";
		};
		B4C02A5F2D2830C800B56520 /* MJHandiCraftTests */ = {
			isa = PBXFileSystemSynchronizedRootGroup;
			path = MJHandiCraftTests;
			sourceTree = "<group>";
		};
		B4C02A692D2830C800B56520 /* MJHandiCraftUITests */ = {
			isa = PBXFileSystemSynchronizedRootGroup;
			path = MJHandiCraftUITests;
			sourceTree = "<group>";
		};
/* End PBXFileSystemSynchronizedRootGroup section */

/* Begin PBXFrameworksBuildPhase section */
		B4C02A472D2830C600B56520 /* Frameworks */ = {
			isa = PBXFrameworksBuildPhase;
			buildActionMask = 2147483647;
			files = (
			);
			runOnlyForDeploymentPostprocessing = 0;
		};
		B4C02A592D2830C800B56520 /* Frameworks */ = {
			isa = PBXFrameworksBuildPhase;
			buildActionMask = 2147483647;
			files = (
			);
			runOnlyForDeploymentPostprocessing = 0;
		};
		B4C02A632D2830C800B56520 /* Frameworks */ = {
			isa = PBXFrameworksBuildPhase;
			buildActionMask = 2147483647;
			files = (
			);
			runOnlyForDeploymentPostprocessing = 0;
		};
/* End PBXFrameworksBuildPhase section */

/* Begin PBXGroup section */
		B4C02A412D2830C600B56520 = {
			isa = PBXGroup;
			children = (
				B4C02A4C2D2830C600B56520 /* MJHandiCraft */,
				B4C02A5F2D2830C800B56520 /* MJHandiCraftTests */,
				B4C02A692D2830C800B56520 /* MJHandiCraftUITests */,
				B4C02A4B2D2830C600B56520 /* Products */,
			);
			sourceTree = "<group>";
		};
		B4C02A4B2D2830C600B56520 /* Products */ = {
			isa = PBXGroup;
			children = (
				B4C02A4A2D2830C600B56520 /* MJHandiCraft.app */,
				B4C02A5C2D2830C800B56520 /* MJHandiCraftTests.xctest */,
				B4C02A662D2830C800B56520 /* MJHandiCraftUITests.xctest */,
			);
			name = Products;
			sourceTree = "<group>";
		};
/* End PBXGroup section */

/* Begin PBXNativeTarget section */
		B4C02A492D2830C600B56520 /* MJHandiCraft */ = {
			isa = PBXNativeTarget;
			buildConfigurationList = B4C02A702D2830C800B56520 /* Build configuration list for PBXNativeTarget "MJHandiCraft" */;
			buildPhases = (
				B4C02A462D2830C600B56520 /* Sources */,
				B4C02A472D2830C600B56520 /* Frameworks */,
				B4C02A482D2830C600B56520 /* Resources */,
			);
			buildRules = (
			);
			dependencies = (
			);
			fileSystemSynchronizedGroups = (
				B4C02A4C2D2830C600B56520 /* MJHandiCraft */,
			);
			name = MJHandiCraft;
			packageProductDependencies = (
			);
			productName = MJHandiCraft;
			productReference = B4C02A4A2D2830C600B56520 /* MJHandiCraft.app */;
			productType = "com.apple.product-type.application";
		};
		B4C02A5B2D2830C800B56520 /* MJHandiCraftTests */ = {
			isa = PBXNativeTarget;
			buildConfigurationList = B4C02A732D2830C800B56520 /* Build configuration list for PBXNativeTarget "MJHandiCraftTests" */;
			buildPhases = (
				B4C02A582D2830C800B56520 /* Sources */,
				B4C02A592D2830C800B56520 /* Frameworks */,
				B4C02A5A2D2830C800B56520 /* Resources */,
			);
			buildRules = (
			);
			dependencies = (
				B4C02A5E2D2830C800B56520 /* PBXTargetDependency */,
			);
			fileSystemSynchronizedGroups = (
				B4C02A5F2D2830C800B56520 /* MJHandiCraftTests */,
			);
			name = MJHandiCraftTests;
			packageProductDependencies = (
			);
			productName = MJHandiCraftTests;
			productReference = B4C02A5C2D2830C800B56520 /* MJHandiCraftTests.xctest */;
			productType = "com.apple.product-type.bundle.unit-test";
		};
		B4C02A652D2830C800B56520 /* MJHandiCraftUITests */ = {
			isa = PBXNativeTarget;
			buildConfigurationList = B4C02A762D2830C800B56520 /* Build configuration list for PBXNativeTarget "MJHandiCraftUITests" */;
			buildPhases = (
				B4C02A622D2830C800B56520 /* Sources */,
				B4C02A632D2830C800B56520 /* Frameworks */,
				B4C02A642D2830C800B56520 /* Resources */,
			);
			buildRules = (
			);
			dependencies = (
				B4C02A682D2830C800B56520 /* PBXTargetDependency */,
			);
			fileSystemSynchronizedGroups = (
				B4C02A692D2830C800B56520 /* MJHandiCraftUITests */,
			);
			name = MJHandiCraftUITests;
			packageProductDependencies = (
			);
			productName = MJHandiCraftUITests;
			productReference = B4C02A662D2830C800B56520 /* MJHandiCraftUITests.xctest */;
			productType = "com.apple.product-type.bundle.ui-testing";
		};
/* End PBXNativeTarget section */

/* Begin PBXProject section */
		B4C02A422D2830C600B56520 /* Project object */ = {
			isa = PBXProject;
			attributes = {
				BuildIndependentTargetsInParallel = 1;
				LastSwiftUpdateCheck = 1610;
				LastUpgradeCheck = 1610;
				TargetAttributes = {
					B4C02A492D2830C600B56520 = {
						CreatedOnToolsVersion = 16.1;
					};
					B4C02A5B2D2830C800B56520 = {
						CreatedOnToolsVersion = 16.1;
						TestTargetID = B4C02A492D2830C600B56520;
					};
					B4C02A652D2830C800B56520 = {
						CreatedOnToolsVersion = 16.1;
						TestTargetID = B4C02A492D2830C600B56520;
					};
				};
			};
			buildConfigurationList = B4C02A452D2830C600B56520 /* Build configuration list for PBXProject "MJHandiCraft" */;
			developmentRegion = en;
			hasScannedForEncodings = 0;
			knownRegions = (
				en,
				Base,
			);
			mainGroup = B4C02A412D2830C600B56520;
			minimizedProjectReferenceProxies = 1;
			preferredProjectObjectVersion = 77;
			productRefGroup = B4C02A4B2D2830C600B56520 /* Products */;
			projectDirPath = "";
			projectRoot = "";
			targets = (
				B4C02A492D2830C600B56520 /* MJHandiCraft */,
				B4C02A5B2D2830C800B56520 /* MJHandiCraftTests */,
				B4C02A652D2830C800B56520 /* MJHandiCraftUITests */,
			);
		};
/* End PBXProject section */

/* Begin PBXResourcesBuildPhase section */
		B4C02A482D2830C600B56520 /* Resources */ = {
			isa = PBXResourcesBuildPhase;
			buildActionMask = 2147483647;
			files = (
			);
			runOnlyForDeploymentPostprocessing = 0;
		};
		B4C02A5A2D2830C800B56520 /* Resources */ = {
			isa = PBXResourcesBuildPhase;
			buildActionMask = 2147483647;
			files = (
			);
			runOnlyForDeploymentPostprocessing = 0;
		};
		B4C02A642D2830C800B56520 /* Resources */ = {
			isa = PBXResourcesBuildPhase;
			buildActionMask = 2147483647;
			files = (
			);
			runOnlyForDeploymentPostprocessing = 0;
		};
/* End PBXResourcesBuildPhase section */

/* Begin PBXSourcesBuildPhase section */
		B4C02A462D2830C600B56520 /* Sources */ = {
			isa = PBXSourcesBuildPhase;
			buildActionMask = 2147483647;
			files = (
			);
			runOnlyForDeploymentPostprocessing = 0;
		};
		B4C02A582D2830C800B56520 /* Sources */ = {
			isa = PBXSourcesBuildPhase;
			buildActionMask = 2147483647;
			files = (
			);
			runOnlyForDeploymentPostprocessing = 0;
		};
		B4C02A622D2830C800B56520 /* Sources */ = {
			isa = PBXSourcesBuildPhase;
			buildActionMask = 2147483647;
			files = (
			);
			runOnlyForDeploymentPostprocessing = 0;
		};
/* End PBXSourcesBuildPhase section */

/* Begin PBXTargetDependency section */
		B4C02A5E2D2830C800B56520 /* PBXTargetDependency */ = {
			isa = PBXTargetDependency;
			target = B4C02A492D2830C600B56520 /* MJHandiCraft */;
			targetProxy = B4C02A5D2D2830C800B56520 /* PBXContainerItemProxy */;
		};
		B4C02A682D2830C800B56520 /* PBXTargetDependency */ = {
			isa = PBXTargetDependency;
			target = B4C02A492D2830C600B56520 /* MJHandiCraft */;
			targetProxy = B4C02A672D2830C800B56520 /* PBXContainerItemProxy */;
		};
/* End PBXTargetDependency section */

/* Begin XCBuildConfiguration section */
		B4C02A6E2D2830C800B56520 /* Debug */ = {
			isa = XCBuildConfiguration;
			buildSettings = {
				ALWAYS_SEARCH_USER_PATHS = NO;
				ASSETCATALOG_COMPILER_GENERATE_SWIFT_ASSET_SYMBOL_EXTENSIONS = YES;
				CLANG_ANALYZER_NONNULL = YES;
				CLANG_ANALYZER_NUMBER_OBJECT_CONVERSION = YES_AGGRESSIVE;
				CLANG_CXX_LANGUAGE_STANDARD = "gnu++20";
				CLANG_ENABLE_MODULES = YES;
				CLANG_ENABLE_OBJC_ARC = YES;
				CLANG_ENABLE_OBJC_WEAK = YES;
				CLANG_WARN_BLOCK_CAPTURE_AUTORELEASING = YES;
				CLANG_WARN_BOOL_CONVERSION = YES;
				CLANG_WARN_COMMA = YES;
				CLANG_WARN_CONSTANT_CONVERSION = YES;
				CLANG_WARN_DEPRECATED_OBJC_IMPLEMENTATIONS = YES;
				CLANG_WARN_DIRECT_OBJC_ISA_USAGE = YES_ERROR;
				CLANG_WARN_DOCUMENTATION_COMMENTS = YES;
				CLANG_WARN_EMPTY_BODY = YES;
				CLANG_WARN_ENUM_CONVERSION = YES;
				CLANG_WARN_INFINITE_RECURSION = YES;
				CLANG_WARN_INT_CONVERSION = YES;
				CLANG_WARN_NON_LITERAL_NULL_CONVERSION = YES;
				CLANG_WARN_OBJC_IMPLICIT_RETAIN_SELF = YES;
				CLANG_WARN_OBJC_LITERAL_CONVERSION = YES;
				CLANG_WARN_OBJC_ROOT_CLASS = YES_ERROR;
				CLANG_WARN_QUOTED_INCLUDE_IN_FRAMEWORK_HEADER = YES;
				CLANG_WARN_RANGE_LOOP_ANALYSIS = YES;
				CLANG_WARN_STRICT_PROTOTYPES = YES;
				CLANG_WARN_SUSPICIOUS_MOVE = YES;
				CLANG_WARN_UNGUARDED_AVAILABILITY = YES_AGGRESSIVE;
				CLANG_WARN_UNREACHABLE_CODE = YES;
				CLANG_WARN__DUPLICATE_METHOD_MATCH = YES;
				COPY_PHASE_STRIP = NO;
				DEBUG_INFORMATION_FORMAT = dwarf;
				ENABLE_STRICT_OBJC_MSGSEND = YES;
				ENABLE_TESTABILITY = YES;
				ENABLE_USER_SCRIPT_SANDBOXING = YES;
				GCC_C_LANGUAGE_STANDARD = gnu17;
				GCC_DYNAMIC_NO_PIC = NO;
				GCC_NO_COMMON_BLOCKS = YES;
				GCC_OPTIMIZATION_LEVEL = 0;
				GCC_PREPROCESSOR_DEFINITIONS = (
					"DEBUG=1",
					"$(inherited)",
				);
				GCC_WARN_64_TO_32_BIT_CONVERSION = YES;
				GCC_WARN_ABOUT_RETURN_TYPE = YES_ERROR;
				GCC_WARN_UNDECLARED_SELECTOR = YES;
				GCC_WARN_UNINITIALIZED_AUTOS = YES_AGGRESSIVE;
				GCC_WARN_UNUSED_FUNCTION = YES;
				GCC_WARN_UNUSED_VARIABLE = YES;
				IPHONEOS_DEPLOYMENT_TARGET = 18.1;
				LOCALIZATION_PREFERS_STRING_CATALOGS = YES;
				MTL_ENABLE_DEBUG_INFO = INCLUDE_SOURCE;
				MTL_FAST_MATH = YES;
				ONLY_ACTIVE_ARCH = YES;
				SDKROOT = iphoneos;
				SWIFT_ACTIVE_COMPILATION_CONDITIONS = "DEBUG $(inherited)";
				SWIFT_OPTIMIZATION_LEVEL = "-Onone";
			};
			name = Debug;
		};
		B4C02A6F2D2830C800B56520 /* Release */ = {
			isa = XCBuildConfiguration;
			buildSettings = {
				ALWAYS_SEARCH_USER_PATHS = NO;
				ASSETCATALOG_COMPILER_GENERATE_SWIFT_ASSET_SYMBOL_EXTENSIONS = YES;
				CLANG_ANALYZER_NONNULL = YES;
				CLANG_ANALYZER_NUMBER_OBJECT_CONVERSION = YES_AGGRESSIVE;
				CLANG_CXX_LANGUAGE_STANDARD = "gnu++20";
				CLANG_ENABLE_MODULES = YES;
				CLANG_ENABLE_OBJC_ARC = YES;
				CLANG_ENABLE_OBJC_WEAK = YES;
				CLANG_WARN_BLOCK_CAPTURE_AUTORELEASING = YES;
				CLANG_WARN_BOOL_CONVERSION = YES;
				CLANG_WARN_COMMA = YES;
				CLANG_WARN_CONSTANT_CONVERSION = YES;
				CLANG_WARN_DEPRECATED_OBJC_IMPLEMENTATIONS = YES;
				CLANG_WARN_DIRECT_OBJC_ISA_USAGE = YES_ERROR;
				CLANG_WARN_DOCUMENTATION_COMMENTS = YES;
				CLANG_WARN_EMPTY_BODY = YES;
				CLANG_WARN_ENUM_CONVERSION = YES;
				CLANG_WARN_INFINITE_RECURSION = YES;
				CLANG_WARN_INT_CONVERSION = YES;
				CLANG_WARN_NON_LITERAL_NULL_CONVERSION = YES;
				CLANG_WARN_OBJC_IMPLICIT_RETAIN_SELF = YES;
				CLANG_WARN_OBJC_LITERAL_CONVERSION = YES;
				CLANG_WARN_OBJC_ROOT_CLASS = YES_ERROR;
				CLANG_WARN_QUOTED_INCLUDE_IN_FRAMEWORK_HEADER = YES;
				CLANG_WARN_RANGE_LOOP_ANALYSIS = YES;
				CLANG_WARN_STRICT_PROTOTYPES = YES;
				CLANG_WARN_SUSPICIOUS_MOVE = YES;
				CLANG_WARN_UNGUARDED_AVAILABILITY = YES_AGGRESSIVE;
				CLANG_WARN_UNREACHABLE_CODE = YES;
				CLANG_WARN__DUPLICATE_METHOD_MATCH = YES;
				COPY_PHASE_STRIP = NO;
				DEBUG_INFORMATION_FORMAT = "dwarf-with-dsym";
				ENABLE_NS_ASSERTIONS = NO;
				ENABLE_STRICT_OBJC_MSGSEND = YES;
				ENABLE_USER_SCRIPT_SANDBOXING = YES;
				GCC_C_LANGUAGE_STANDARD = gnu17;
				GCC_NO_COMMON_BLOCKS = YES;
				GCC_WARN_64_TO_32_BIT_CONVERSION = YES;
				GCC_WARN_ABOUT_RETURN_TYPE = YES_ERROR;
				GCC_WARN_UNDECLARED_SELECTOR = YES;
				GCC_WARN_UNINITIALIZED_AUTOS = YES_AGGRESSIVE;
				GCC_WARN_UNUSED_FUNCTION = YES;
				GCC_WARN_UNUSED_VARIABLE = YES;
				IPHONEOS_DEPLOYMENT_TARGET = 18.1;
				LOCALIZATION_PREFERS_STRING_CATALOGS = YES;
				MTL_ENABLE_DEBUG_INFO = NO;
				MTL_FAST_MATH = YES;
				SDKROOT = iphoneos;
				SWIFT_COMPILATION_MODE = wholemodule;
				VALIDATE_PRODUCT = YES;
			};
			name = Release;
		};
		B4C02A712D2830C800B56520 /* Debug */ = {
			isa = XCBuildConfiguration;
			buildSettings = {
				ASSETCATALOG_COMPILER_APPICON_NAME = AppIcon;
				ASSETCATALOG_COMPILER_GLOBAL_ACCENT_COLOR_NAME = AccentColor;
				CODE_SIGN_STYLE = Automatic;
				CURRENT_PROJECT_VERSION = 1;
				DEVELOPMENT_ASSET_PATHS = "\"MJHandiCraft/Preview Content\"";
				ENABLE_PREVIEWS = YES;
				GENERATE_INFOPLIST_FILE = YES;
				INFOPLIST_KEY_UIApplicationSceneManifest_Generation = YES;
				INFOPLIST_KEY_UIApplicationSupportsIndirectInputEvents = YES;
				INFOPLIST_KEY_UILaunchScreen_Generation = YES;
				INFOPLIST_KEY_UISupportedInterfaceOrientations_iPad = "UIInterfaceOrientationPortrait UIInterfaceOrientationPortraitUpsideDown UIInterfaceOrientationLandscapeLeft UIInterfaceOrientationLandscapeRight";
				INFOPLIST_KEY_UISupportedInterfaceOrientations_iPhone = "UIInterfaceOrientationPortrait UIInterfaceOrientationLandscapeLeft UIInterfaceOrientationLandscapeRight";
				LD_RUNPATH_SEARCH_PATHS = (
					"$(inherited)",
					"@executable_path/Frameworks",
				);
				MARKETING_VERSION = 1.0;
				PRODUCT_BUNDLE_IDENTIFIER = mantosh.MJHandiCraft;
				PRODUCT_NAME = "$(TARGET_NAME)";
				SWIFT_EMIT_LOC_STRINGS = YES;
				SWIFT_VERSION = 5.0;
				TARGETED_DEVICE_FAMILY = "1,2";
			};
			name = Debug;
		};
		B4C02A722D2830C800B56520 /* Release */ = {
			isa = XCBuildConfiguration;
			buildSettings = {
				ASSETCATALOG_COMPILER_APPICON_NAME = AppIcon;
				ASSETCATALOG_COMPILER_GLOBAL_ACCENT_COLOR_NAME = AccentColor;
				CODE_SIGN_STYLE = Automatic;
				CURRENT_PROJECT_VERSION = 1;
				DEVELOPMENT_ASSET_PATHS = "\"MJHandiCraft/Preview Content\"";
				ENABLE_PREVIEWS = YES;
				GENERATE_INFOPLIST_FILE = YES;
				INFOPLIST_KEY_UIApplicationSceneManifest_Generation = YES;
				INFOPLIST_KEY_UIApplicationSupportsIndirectInputEvents = YES;
				INFOPLIST_KEY_UILaunchScreen_Generation = YES;
				INFOPLIST_KEY_UISupportedInterfaceOrientations_iPad = "UIInterfaceOrientationPortrait UIInterfaceOrientationPortraitUpsideDown UIInterfaceOrientationLandscapeLeft UIInterfaceOrientationLandscapeRight";
				INFOPLIST_KEY_UISupportedInterfaceOrientations_iPhone = "UIInterfaceOrientationPortrait UIInterfaceOrientationLandscapeLeft UIInterfaceOrientationLandscapeRight";
				LD_RUNPATH_SEARCH_PATHS = (
					"$(inherited)",
					"@executable_path/Frameworks",
				);
				MARKETING_VERSION = 1.0;
				PRODUCT_BUNDLE_IDENTIFIER = mantosh.MJHandiCraft;
				PRODUCT_NAME = "$(TARGET_NAME)";
				SWIFT_EMIT_LOC_STRINGS = YES;
				SWIFT_VERSION = 5.0;
				TARGETED_DEVICE_FAMILY = "1,2";
			};
			name = Release;
		};
		B4C02A742D2830C800B56520 /* Debug */ = {
			isa = XCBuildConfiguration;
			buildSettings = {
				BUNDLE_LOADER = "$(TEST_HOST)";
				CODE_SIGN_STYLE = Automatic;
				CURRENT_PROJECT_VERSION = 1;
				GENERATE_INFOPLIST_FILE = YES;
				IPHONEOS_DEPLOYMENT_TARGET = 18.1;
				MARKETING_VERSION = 1.0;
				PRODUCT_BUNDLE_IDENTIFIER = mantosh.MJHandiCraftTests;
				PRODUCT_NAME = "$(TARGET_NAME)";
				SWIFT_EMIT_LOC_STRINGS = NO;
				SWIFT_VERSION = 5.0;
				TARGETED_DEVICE_FAMILY = "1,2";
				TEST_HOST = "$(BUILT_PRODUCTS_DIR)/MJHandiCraft.app/$(BUNDLE_EXECUTABLE_FOLDER_PATH)/MJHandiCraft";
			};
			name = Debug;
		};
		B4C02A752D2830C800B56520 /* Release */ = {
			isa = XCBuildConfiguration;
			buildSettings = {
				BUNDLE_LOADER = "$(TEST_HOST)";
				CODE_SIGN_STYLE = Automatic;
				CURRENT_PROJECT_VERSION = 1;
				GENERATE_INFOPLIST_FILE = YES;
				IPHONEOS_DEPLOYMENT_TARGET = 18.1;
				MARKETING_VERSION = 1.0;
				PRODUCT_BUNDLE_IDENTIFIER = mantosh.MJHandiCraftTests;
				PRODUCT_NAME = "$(TARGET_NAME)";
				SWIFT_EMIT_LOC_STRINGS = NO;
				SWIFT_VERSION = 5.0;
				TARGETED_DEVICE_FAMILY = "1,2";
				TEST_HOST = "$(BUILT_PRODUCTS_DIR)/MJHandiCraft.app/$(BUNDLE_EXECUTABLE_FOLDER_PATH)/MJHandiCraft";
			};
			name = Release;
		};
		B4C02A772D2830C800B56520 /* Debug */ = {
			isa = XCBuildConfiguration;
			buildSettings = {
				CODE_SIGN_STYLE = Automatic;
				CURRENT_PROJECT_VERSION = 1;
				GENERATE_INFOPLIST_FILE = YES;
				MARKETING_VERSION = 1.0;
				PRODUCT_BUNDLE_IDENTIFIER = mantosh.MJHandiCraftUITests;
				PRODUCT_NAME = "$(TARGET_NAME)";
				SWIFT_EMIT_LOC_STRINGS = NO;
				SWIFT_VERSION = 5.0;
				TARGETED_DEVICE_FAMILY = "1,2";
				TEST_TARGET_NAME = MJHandiCraft;
			};
			name = Debug;
		};
		B4C02A782D2830C800B56520 /* Release */ = {
			isa = XCBuildConfiguration;
			buildSettings = {
				CODE_SIGN_STYLE = Automatic;
				CURRENT_PROJECT_VERSION = 1;
				GENERATE_INFOPLIST_FILE = YES;
				MARKETING_VERSION = 1.0;
				PRODUCT_BUNDLE_IDENTIFIER = mantosh.MJHandiCraftUITests;
				PRODUCT_NAME = "$(TARGET_NAME)";
				SWIFT_EMIT_LOC_STRINGS = NO;
				SWIFT_VERSION = 5.0;
				TARGETED_DEVICE_FAMILY = "1,2";
				TEST_TARGET_NAME = MJHandiCraft;
			};
			name = Release;
		};
/* End XCBuildConfiguration section */

/* Begin XCConfigurationList section */
		B4C02A452D2830C600B56520 /* Build configuration list for PBXProject "MJHandiCraft" */ = {
			isa = XCConfigurationList;
			buildConfigurations = (
				B4C02A6E2D2830C800B56520 /* Debug */,
				B4C02A6F2D2830C800B56520 /* Release */,
			);
			defaultConfigurationIsVisible = 0;
			defaultConfigurationName = Release;
		};
		B4C02A702D2830C800B56520 /* Build configuration list for PBXNativeTarget "MJHandiCraft" */ = {
			isa = XCConfigurationList;
			buildConfigurations = (
				B4C02A712D2830C800B56520 /* Debug */,
				B4C02A722D2830C800B56520 /* Release */,
			);
			defaultConfigurationIsVisible = 0;
			defaultConfigurationName = Release;
		};
		B4C02A732D2830C800B56520 /* Build configuration list for PBXNativeTarget "MJHandiCraftTests" */ = {
			isa = XCConfigurationList;
			buildConfigurations = (
				B4C02A742D2830C800B56520 /* Debug */,
				B4C02A752D2830C800B56520 /* Release */,
			);
			defaultConfigurationIsVisible = 0;
			defaultConfigurationName = Release;
		};
		B4C02A762D2830C800B56520 /* Build configuration list for PBXNativeTarget "MJHandiCraftUITests" */ = {
			isa = XCConfigurationList;
			buildConfigurations = (
				B4C02A772D2830C800B56520 /* Debug */,
				B4C02A782D2830C800B56520 /* Release */,
			);
			defaultConfigurationIsVisible = 0;
			defaultConfigurationName = Release;
		};
/* End XCConfigurationList section */
	};
	rootObject = B4C02A422D2830C600B56520 /* Project object */;
}
